// !$*UTF8*$!
{
	archiveVersion = 1;
	classes = {
	};
	objectVersion = 46;
	objects = {

/* Begin PBXBuildFile section */
		ABEA045915F9130400111CC2 /* UIKit.framework in Frameworks */ = {isa = PBXBuildFile; fileRef = ABEA045815F9130400111CC2 /* UIKit.framework */; };
		ABEA045B15F9130400111CC2 /* Foundation.framework in Frameworks */ = {isa = PBXBuildFile; fileRef = ABEA045A15F9130400111CC2 /* Foundation.framework */; };
		ABEA045D15F9130400111CC2 /* CoreGraphics.framework in Frameworks */ = {isa = PBXBuildFile; fileRef = ABEA045C15F9130400111CC2 /* CoreGraphics.framework */; };
		ABEA046315F9130400111CC2 /* InfoPlist.strings in Resources */ = {isa = PBXBuildFile; fileRef = ABEA046115F9130400111CC2 /* InfoPlist.strings */; };
		ABEA046515F9130400111CC2 /* main.m in Sources */ = {isa = PBXBuildFile; fileRef = ABEA046415F9130400111CC2 /* main.m */; };
		ABEA046915F9130400111CC2 /* AppDelegate.m in Sources */ = {isa = PBXBuildFile; fileRef = ABEA046815F9130400111CC2 /* AppDelegate.m */; };
		ABEA046C15F9130400111CC2 /* ViewController.m in Sources */ = {isa = PBXBuildFile; fileRef = ABEA046B15F9130400111CC2 /* ViewController.m */; };
		ABEA046F15F9130400111CC2 /* ViewController.xib in Resources */ = {isa = PBXBuildFile; fileRef = ABEA046D15F9130400111CC2 /* ViewController.xib */; };
/* End PBXBuildFile section */

/* Begin PBXFileReference section */
		ABEA045415F9130400111CC2 /* PinterTest.app */ = {isa = PBXFileReference; explicitFileType = wrapper.application; includeInIndex = 0; path = PinterTest.app; sourceTree = BUILT_PRODUCTS_DIR; };
		ABEA045815F9130400111CC2 /* UIKit.framework */ = {isa = PBXFileReference; lastKnownFileType = wrapper.framework; name = UIKit.framework; path = System/Library/Frameworks/UIKit.framework; sourceTree = SDKROOT; };
		ABEA045A15F9130400111CC2 /* Foundation.framework */ = {isa = PBXFileReference; lastKnownFileType = wrapper.framework; name = Foundation.framework; path = System/Library/Frameworks/Foundation.framework; sourceTree = SDKROOT; };
		ABEA045C15F9130400111CC2 /* CoreGraphics.framework */ = {isa = PBXFileReference; lastKnownFileType = wrapper.framework; name = CoreGraphics.framework; path = System/Library/Frameworks/CoreGraphics.framework; sourceTree = SDKROOT; };
		ABEA046015F9130400111CC2 /* PinterTest-Info.plist */ = {isa = PBXFileReference; lastKnownFileType = text.plist.xml; path = "PinterTest-Info.plist"; sourceTree = "<group>"; };
		ABEA046215F9130400111CC2 /* en */ = {isa = PBXFileReference; lastKnownFileType = text.plist.strings; name = en; path = en.lproj/InfoPlist.strings; sourceTree = "<group>"; };
		ABEA046415F9130400111CC2 /* main.m */ = {isa = PBXFileReference; lastKnownFileType = sourcecode.c.objc; path = main.m; sourceTree = "<group>"; };
		ABEA046615F9130400111CC2 /* PinterTest-Prefix.pch */ = {isa = PBXFileReference; lastKnownFileType = sourcecode.c.h; path = "PinterTest-Prefix.pch"; sourceTree = "<group>"; };
		ABEA046715F9130400111CC2 /* AppDelegate.h */ = {isa = PBXFileReference; lastKnownFileType = sourcecode.c.h; path = AppDelegate.h; sourceTree = "<group>"; };
		ABEA046815F9130400111CC2 /* AppDelegate.m */ = {isa = PBXFileReference; lastKnownFileType = sourcecode.c.objc; path = AppDelegate.m; sourceTree = "<group>"; };
		ABEA046A15F9130400111CC2 /* ViewController.h */ = {isa = PBXFileReference; lastKnownFileType = sourcecode.c.h; path = ViewController.h; sourceTree = "<group>"; };
		ABEA046B15F9130400111CC2 /* ViewController.m */ = {isa = PBXFileReference; lastKnownFileType = sourcecode.c.objc; path = ViewController.m; sourceTree = "<group>"; };
		ABEA046E15F9130400111CC2 /* en */ = {isa = PBXFileReference; lastKnownFileType = file.xib; name = en; path = en.lproj/ViewController.xib; sourceTree = "<group>"; };
/* End PBXFileReference section */

/* Begin PBXFrameworksBuildPhase section */
		ABEA045115F9130400111CC2 /* Frameworks */ = {
			isa = PBXFrameworksBuildPhase;
			buildActionMask = 2147483647;
			files = (
				ABEA045915F9130400111CC2 /* UIKit.framework in Frameworks */,
				ABEA045B15F9130400111CC2 /* Foundation.framework in Frameworks */,
				ABEA045D15F9130400111CC2 /* CoreGraphics.framework in Frameworks */,
			);
			runOnlyForDeploymentPostprocessing = 0;
		};
/* End PBXFrameworksBuildPhase section */

/* Begin PBXGroup section */
		ABEA044915F9130300111CC2 = {
			isa = PBXGroup;
			children = (
				ABEA045E15F9130400111CC2 /* PinterTest */,
				ABEA045715F9130400111CC2 /* Frameworks */,
				ABEA045515F9130400111CC2 /* Products */,
			);
			sourceTree = "<group>";
		};
		ABEA045515F9130400111CC2 /* Products */ = {
			isa = PBXGroup;
			children = (
				ABEA045415F9130400111CC2 /* PinterTest.app */,
			);
			name = Products;
			sourceTree = "<group>";
		};
		ABEA045715F9130400111CC2 /* Frameworks */ = {
			isa = PBXGroup;
			children = (
				ABEA045815F9130400111CC2 /* UIKit.framework */,
				ABEA045A15F9130400111CC2 /* Foundation.framework */,
				ABEA045C15F9130400111CC2 /* CoreGraphics.framework */,
			);
			name = Frameworks;
			sourceTree = "<group>";
		};
		ABEA045E15F9130400111CC2 /* PinterTest */ = {
			isa = PBXGroup;
			children = (
				ABEA046715F9130400111CC2 /* AppDelegate.h */,
				ABEA046815F9130400111CC2 /* AppDelegate.m */,
				ABEA046A15F9130400111CC2 /* ViewController.h */,
				ABEA046B15F9130400111CC2 /* ViewController.m */,
				ABEA046D15F9130400111CC2 /* ViewController.xib */,
				ABEA045F15F9130400111CC2 /* Supporting Files */,
			);
			path = PinterTest;
			sourceTree = "<group>";
		};
		ABEA045F15F9130400111CC2 /* Supporting Files */ = {
			isa = PBXGroup;
			children = (
				ABEA046015F9130400111CC2 /* PinterTest-Info.plist */,
				ABEA046115F9130400111CC2 /* InfoPlist.strings */,
				ABEA046415F9130400111CC2 /* main.m */,
				ABEA046615F9130400111CC2 /* PinterTest-Prefix.pch */,
			);
			name = "Supporting Files";
			sourceTree = "<group>";
		};
/* End PBXGroup section */

/* Begin PBXNativeTarget section */
		ABEA045315F9130400111CC2 /* PinterTest */ = {
			isa = PBXNativeTarget;
			buildConfigurationList = ABEA047215F9130400111CC2 /* Build configuration list for PBXNativeTarget "PinterTest" */;
			buildPhases = (
				ABEA045015F9130400111CC2 /* Sources */,
				ABEA045115F9130400111CC2 /* Frameworks */,
				ABEA045215F9130400111CC2 /* Resources */,
			);
			buildRules = (
			);
			dependencies = (
			);
			name = PinterTest;
			productName = PinterTest;
			productReference = ABEA045415F9130400111CC2 /* PinterTest.app */;
			productType = "com.apple.product-type.application";
		};
/* End PBXNativeTarget section */

/* Begin PBXProject section */
		ABEA044B15F9130300111CC2 /* Project object */ = {
			isa = PBXProject;
			attributes = {
				LastUpgradeCheck = 0430;
			};
			buildConfigurationList = ABEA044E15F9130300111CC2 /* Build configuration list for PBXProject "PinterTest" */;
			compatibilityVersion = "Xcode 3.2";
			developmentRegion = English;
			hasScannedForEncodings = 0;
			knownRegions = (
				en,
			);
			mainGroup = ABEA044915F9130300111CC2;
			productRefGroup = ABEA045515F9130400111CC2 /* Products */;
			projectDirPath = "";
			projectRoot = "";
			targets = (
				ABEA045315F9130400111CC2 /* PinterTest */,
			);
		};
/* End PBXProject section */

/* Begin PBXResourcesBuildPhase section */
		ABEA045215F9130400111CC2 /* Resources */ = {
			isa = PBXResourcesBuildPhase;
			buildActionMask = 2147483647;
			files = (
				ABEA046315F9130400111CC2 /* InfoPlist.strings in Resources */,
				ABEA046F15F9130400111CC2 /* ViewController.xib in Resources */,
			);
			runOnlyForDeploymentPostprocessing = 0;
		};
/* End PBXResourcesBuildPhase section */

/* Begin PBXSourcesBuildPhase section */
		ABEA045015F9130400111CC2 /* Sources */ = {
			isa = PBXSourcesBuildPhase;
			buildActionMask = 2147483647;
			files = (
				ABEA046515F9130400111CC2 /* main.m in Sources */,
				ABEA046915F9130400111CC2 /* AppDelegate.m in Sources */,
				ABEA046C15F9130400111CC2 /* ViewController.m in Sources */,
			);
			runOnlyForDeploymentPostprocessing = 0;
		};
/* End PBXSourcesBuildPhase section */

/* Begin PBXVariantGroup section */
		ABEA046115F9130400111CC2 /* InfoPlist.strings */ = {
			isa = PBXVariantGroup;
			children = (
				ABEA046215F9130400111CC2 /* en */,
			);
			name = InfoPlist.strings;
			sourceTree = "<group>";
		};
		ABEA046D15F9130400111CC2 /* ViewController.xib */ = {
			isa = PBXVariantGroup;
			children = (
				ABEA046E15F9130400111CC2 /* en */,
			);
			name = ViewController.xib;
			sourceTree = "<group>";
		};
/* End PBXVariantGroup section */

/* Begin XCBuildConfiguration section */
		ABEA047015F9130400111CC2 /* Debug */ = {
			isa = XCBuildConfiguration;
			buildSettings = {
				ALWAYS_SEARCH_USER_PATHS = NO;
				ARCHS = "$(ARCHS_STANDARD_32_BIT)";
				CLANG_ENABLE_OBJC_ARC = YES;
				"CODE_SIGN_IDENTITY[sdk=iphoneos*]" = "iPhone Developer";
				COPY_PHASE_STRIP = NO;
				GCC_C_LANGUAGE_STANDARD = gnu99;
				GCC_DYNAMIC_NO_PIC = NO;
				GCC_OPTIMIZATION_LEVEL = 0;
				GCC_PREPROCESSOR_DEFINITIONS = (
					"DEBUG=1",
					"$(inherited)",
				);
				GCC_SYMBOLS_PRIVATE_EXTERN = NO;
				GCC_VERSION = com.apple.compilers.llvm.clang.1_0;
				GCC_WARN_ABOUT_RETURN_TYPE = YES;
				GCC_WARN_UNINITIALIZED_AUTOS = YES;
				GCC_WARN_UNUSED_VARIABLE = YES;
				IPHONEOS_DEPLOYMENT_TARGET = 5.1;
				SDKROOT = iphoneos;
			};
			name = Debug;
		};
		ABEA047115F9130400111CC2 /* Release */ = {
			isa = XCBuildConfiguration;
			buildSettings = {
				ALWAYS_SEARCH_USER_PATHS = NO;
				ARCHS = "$(ARCHS_STANDARD_32_BIT)";
				CLANG_ENABLE_OBJC_ARC = YES;
				"CODE_SIGN_IDENTITY[sdk=iphoneos*]" = "iPhone Developer";
				COPY_PHASE_STRIP = YES;
				GCC_C_LANGUAGE_STANDARD = gnu99;
				GCC_VERSION = com.apple.compilers.llvm.clang.1_0;
				GCC_WARN_ABOUT_RETURN_TYPE = YES;
				GCC_WARN_UNINITIALIZED_AUTOS = YES;
				GCC_WARN_UNUSED_VARIABLE = YES;
				IPHONEOS_DEPLOYMENT_TARGET = 5.1;
				OTHER_CFLAGS = "-DNS_BLOCK_ASSERTIONS=1";
				SDKROOT = iphoneos;
				VALIDATE_PRODUCT = YES;
			};
			name = Release;
		};
		ABEA047315F9130400111CC2 /* Debug */ = {
			isa = XCBuildConfiguration;
			buildSettings = {
				GCC_PRECOMPILE_PREFIX_HEADER = YES;
				GCC_PREFIX_HEADER = "PinterTest/PinterTest-Prefix.pch";
				INFOPLIST_FILE = "PinterTest/PinterTest-Info.plist";
				PRODUCT_NAME = "$(TARGET_NAME)";
				WRAPPER_EXTENSION = app;
			};
			name = Debug;
		};
		ABEA047415F9130400111CC2 /* Release */ = {
			isa = XCBuildConfiguration;
			buildSettings = {
				GCC_PRECOMPILE_PREFIX_HEADER = YES;
				GCC_PREFIX_HEADER = "PinterTest/PinterTest-Prefix.pch";
				INFOPLIST_FILE = "PinterTest/PinterTest-Info.plist";
				PRODUCT_NAME = "$(TARGET_NAME)";
				WRAPPER_EXTENSION = app;
			};
			name = Release;
		};
/* End XCBuildConfiguration section */

/* Begin XCConfigurationList section */
		ABEA044E15F9130300111CC2 /* Build configuration list for PBXProject "PinterTest" */ = {
			isa = XCConfigurationList;
			buildConfigurations = (
				ABEA047015F9130400111CC2 /* Debug */,
				ABEA047115F9130400111CC2 /* Release */,
			);
			defaultConfigurationIsVisible = 0;
			defaultConfigurationName = Release;
		};
		ABEA047215F9130400111CC2 /* Build configuration list for PBXNativeTarget "PinterTest" */ = {
			isa = XCConfigurationList;
			buildConfigurations = (
				ABEA047315F9130400111CC2 /* Debug */,
				ABEA047415F9130400111CC2 /* Release */,
			);
			defaultConfigurationIsVisible = 0;
		};
/* End XCConfigurationList section */
	};
	rootObject = ABEA044B15F9130300111CC2 /* Project object */;
}
